
Microsoft Visual Studio Solution File, Format Version 12.00
# Visual Studio 2013
VisualStudioVersion = 12.0.31101.0
MinimumVisualStudioVersion = 10.0.40219.1
Project("{FAE04EC0-301F-11D3-BF4B-00C04F79EFBC}") = "Tuite.Tests", "Tuite.Tests\Tuite.Tests.csproj", "{6B991221-4A87-4F38-BD61-6B9D49AEE1D6}"
EndProject
Project("{FAE04EC0-301F-11D3-BF4B-00C04F79EFBC}") = "Tuite", "Tuite\Tuite.csproj", "{7EA9E532-3507-4D18-A76B-923210AD9477}"
EndProject
Global
	GlobalSection(SolutionConfigurationPlatforms) = preSolution
		Debug|Any CPU = Debug|Any CPU
		Release|Any CPU = Release|Any CPU
	EndGlobalSection
	GlobalSection(ProjectConfigurationPlatforms) = postSolution
		{6B991221-4A87-4F38-BD61-6B9D49AEE1D6}.Debug|Any CPU.ActiveCfg = Debug|Any CPU
		{6B991221-4A87-4F38-BD61-6B9D49AEE1D6}.Debug|Any CPU.Build.0 = Debug|Any CPU
		{6B991221-4A87-4F38-BD61-6B9D49AEE1D6}.Release|Any CPU.ActiveCfg = Release|Any CPU
		{6B991221-4A87-4F38-BD61-6B9D49AEE1D6}.Release|Any CPU.Build.0 = Release|Any CPU
		{7EA9E532-3507-4D18-A76B-923210AD9477}.Debug|Any CPU.ActiveCfg = Debug|Any CPU
		{7EA9E532-3507-4D18-A76B-923210AD9477}.Debug|Any CPU.Build.0 = Debug|Any CPU
		{7EA9E532-3507-4D18-A76B-923210AD9477}.Release|Any CPU.ActiveCfg = Release|Any CPU
		{7EA9E532-3507-4D18-A76B-923210AD9477}.Release|Any CPU.Build.0 = Release|Any CPU
	EndGlobalSection
	GlobalSection(SolutionProperties) = preSolution
		HideSolutionNode = FALSE
	EndGlobalSection
EndGlobal
